
Microsoft Visual Studio Solution File, Format Version 12.00
# Visual Studio Version 17
VisualStudioVersion = 17.4.33205.214
MinimumVisualStudioVersion = 10.0.40219.1
Project("{FAE04EC0-301F-11D3-BF4B-00C04F79EFBC}") = "ExceptionAssignment", "ExceptionAssignment\ExceptionAssignment.csproj", "{C6530A88-EA4A-482D-BC44-E3A05B8B89CA}"
EndProject
Global
	GlobalSection(SolutionConfigurationPlatforms) = preSolution
		Debug|Any CPU = Debug|Any CPU
		Release|Any CPU = Release|Any CPU
	EndGlobalSection
	GlobalSection(ProjectConfigurationPlatforms) = postSolution
		{C6530A88-EA4A-482D-BC44-E3A05B8B89CA}.Debug|Any CPU.ActiveCfg = Debug|Any CPU
		{C6530A88-EA4A-482D-BC44-E3A05B8B89CA}.Debug|Any CPU.Build.0 = Debug|Any CPU
		{C6530A88-EA4A-482D-BC44-E3A05B8B89CA}.Release|Any CPU.ActiveCfg = Release|Any CPU
		{C6530A88-EA4A-482D-BC44-E3A05B8B89CA}.Release|Any CPU.Build.0 = Release|Any CPU
	EndGlobalSection
	GlobalSection(SolutionProperties) = preSolution
		HideSolutionNode = FALSE
	EndGlobalSection
	GlobalSection(ExtensibilityGlobals) = postSolution
		SolutionGuid = {9BF35CE8-197C-4585-83C7-3327EDB53BD2}
	EndGlobalSection
EndGlobal
